
Microsoft Visual Studio Solution File, Format Version 12.00
# Visual Studio Version 17
VisualStudioVersion = 17.10.35122.118
MinimumVisualStudioVersion = 10.0.40219.1
Project("{9A19103F-16F7-4668-BE54-9A1E7A4F7556}") = "HelloWorldWebApp", "..\HelloWorldWebApp\HelloWorldWebApp\HelloWorldWebApp.csproj", "{73CE904C-EC9D-4866-85CC-21BA05C429D4}"
EndProject
Project("{9A19103F-16F7-4668-BE54-9A1E7A4F7556}") = "HelloWorldWebApp.Client", "..\HelloWorldWebApp\HelloWorldWebApp.Client\HelloWorldWebApp.Client.csproj", "{9C575E31-D7A1-4535-82B4-1330235BEE88}"
EndProject
Global
	GlobalSection(SolutionConfigurationPlatforms) = preSolution
		Debug|Any CPU = Debug|Any CPU
		Release|Any CPU = Release|Any CPU
	EndGlobalSection
	GlobalSection(ProjectConfigurationPlatforms) = postSolution
		{73CE904C-EC9D-4866-85CC-21BA05C429D4}.Debug|Any CPU.ActiveCfg = Debug|Any CPU
		{73CE904C-EC9D-4866-85CC-21BA05C429D4}.Debug|Any CPU.Build.0 = Debug|Any CPU
		{73CE904C-EC9D-4866-85CC-21BA05C429D4}.Release|Any CPU.ActiveCfg = Release|Any CPU
		{73CE904C-EC9D-4866-85CC-21BA05C429D4}.Release|Any CPU.Build.0 = Release|Any CPU
		{9C575E31-D7A1-4535-82B4-1330235BEE88}.Debug|Any CPU.ActiveCfg = Debug|Any CPU
		{9C575E31-D7A1-4535-82B4-1330235BEE88}.Debug|Any CPU.Build.0 = Debug|Any CPU
		{9C575E31-D7A1-4535-82B4-1330235BEE88}.Release|Any CPU.ActiveCfg = Release|Any CPU
		{9C575E31-D7A1-4535-82B4-1330235BEE88}.Release|Any CPU.Build.0 = Release|Any CPU
	EndGlobalSection
	GlobalSection(SolutionProperties) = preSolution
		HideSolutionNode = FALSE
	EndGlobalSection
	GlobalSection(ExtensibilityGlobals) = postSolution
		SolutionGuid = {54BC4EB0-AD08-4CE3-992E-3E7C9A29245F}
	EndGlobalSection
EndGlobal
